
Microsoft Visual Studio Solution File, Format Version 12.00
# Visual Studio Version 17
VisualStudioVersion = 17.0.31903.59
MinimumVisualStudioVersion = 10.0.40219.1
Project("{2150E333-8FDC-42A3-9474-1A3956D46DE8}") = "src", "src", "{827E0CD3-B72D-47B6-A68D-7590B98EB39B}"
EndProject
Project("{FAE04EC0-301F-11D3-BF4B-00C04F79EFBC}") = "DigiTransac.Core", "src\DigiTransac.Core\DigiTransac.Core.csproj", "{935C3D55-6B07-49FD-B1DB-A9BCBB4443B2}"
EndProject
Project("{FAE04EC0-301F-11D3-BF4B-00C04F79EFBC}") = "DigiTransac.Infrastructure", "src\DigiTransac.Infrastructure\DigiTransac.Infrastructure.csproj", "{17A9A86E-8BB3-4676-8B72-A6D6479AE464}"
EndProject
Project("{FAE04EC0-301F-11D3-BF4B-00C04F79EFBC}") = "DigiTransac.API", "src\DigiTransac.API\DigiTransac.API.csproj", "{1EBE3A5F-3AB5-4FFD-8699-29FF30708458}"
EndProject
Project("{FAE04EC0-301F-11D3-BF4B-00C04F79EFBC}") = "DigiTransac.Cleanup", "src\DigiTransac.Cleanup\DigiTransac.Cleanup.csproj", "{8C698A77-F2ED-4091-AC65-EA4AC1CE999E}"
EndProject
Project("{FAE04EC0-301F-11D3-BF4B-00C04F79EFBC}") = "DigiTransac.Tests", "src\DigiTransac.Tests\DigiTransac.Tests.csproj", "{3F665D08-9578-4DF8-A149-BF9B3890C897}"
EndProject
Global
	GlobalSection(SolutionConfigurationPlatforms) = preSolution
		Debug|Any CPU = Debug|Any CPU
		Debug|x64 = Debug|x64
		Debug|x86 = Debug|x86
		Release|Any CPU = Release|Any CPU
		Release|x64 = Release|x64
		Release|x86 = Release|x86
	EndGlobalSection
	GlobalSection(ProjectConfigurationPlatforms) = postSolution
		{935C3D55-6B07-49FD-B1DB-A9BCBB4443B2}.Debug|Any CPU.ActiveCfg = Debug|Any CPU
		{935C3D55-6B07-49FD-B1DB-A9BCBB4443B2}.Debug|Any CPU.Build.0 = Debug|Any CPU
		{935C3D55-6B07-49FD-B1DB-A9BCBB4443B2}.Debug|x64.ActiveCfg = Debug|Any CPU
		{935C3D55-6B07-49FD-B1DB-A9BCBB4443B2}.Debug|x64.Build.0 = Debug|Any CPU
		{935C3D55-6B07-49FD-B1DB-A9BCBB4443B2}.Debug|x86.ActiveCfg = Debug|Any CPU
		{935C3D55-6B07-49FD-B1DB-A9BCBB4443B2}.Debug|x86.Build.0 = Debug|Any CPU
		{935C3D55-6B07-49FD-B1DB-A9BCBB4443B2}.Release|Any CPU.ActiveCfg = Release|Any CPU
		{935C3D55-6B07-49FD-B1DB-A9BCBB4443B2}.Release|Any CPU.Build.0 = Release|Any CPU
		{935C3D55-6B07-49FD-B1DB-A9BCBB4443B2}.Release|x64.ActiveCfg = Release|Any CPU
		{935C3D55-6B07-49FD-B1DB-A9BCBB4443B2}.Release|x64.Build.0 = Release|Any CPU
		{935C3D55-6B07-49FD-B1DB-A9BCBB4443B2}.Release|x86.ActiveCfg = Release|Any CPU
		{935C3D55-6B07-49FD-B1DB-A9BCBB4443B2}.Release|x86.Build.0 = Release|Any CPU
		{17A9A86E-8BB3-4676-8B72-A6D6479AE464}.Debug|Any CPU.ActiveCfg = Debug|Any CPU
		{17A9A86E-8BB3-4676-8B72-A6D6479AE464}.Debug|Any CPU.Build.0 = Debug|Any CPU
		{17A9A86E-8BB3-4676-8B72-A6D6479AE464}.Debug|x64.ActiveCfg = Debug|Any CPU
		{17A9A86E-8BB3-4676-8B72-A6D6479AE464}.Debug|x64.Build.0 = Debug|Any CPU
		{17A9A86E-8BB3-4676-8B72-A6D6479AE464}.Debug|x86.ActiveCfg = Debug|Any CPU
		{17A9A86E-8BB3-4676-8B72-A6D6479AE464}.Debug|x86.Build.0 = Debug|Any CPU
		{17A9A86E-8BB3-4676-8B72-A6D6479AE464}.Release|Any CPU.ActiveCfg = Release|Any CPU
		{17A9A86E-8BB3-4676-8B72-A6D6479AE464}.Release|Any CPU.Build.0 = Release|Any CPU
		{17A9A86E-8BB3-4676-8B72-A6D6479AE464}.Release|x64.ActiveCfg = Release|Any CPU
		{17A9A86E-8BB3-4676-8B72-A6D6479AE464}.Release|x64.Build.0 = Release|Any CPU
		{17A9A86E-8BB3-4676-8B72-A6D6479AE464}.Release|x86.ActiveCfg = Release|Any CPU
		{17A9A86E-8BB3-4676-8B72-A6D6479AE464}.Release|x86.Build.0 = Release|Any CPU
		{1EBE3A5F-3AB5-4FFD-8699-29FF30708458}.Debug|Any CPU.ActiveCfg = Debug|Any CPU
		{1EBE3A5F-3AB5-4FFD-8699-29FF30708458}.Debug|Any CPU.Build.0 = Debug|Any CPU
		{1EBE3A5F-3AB5-4FFD-8699-29FF30708458}.Debug|x64.ActiveCfg = Debug|Any CPU
		{1EBE3A5F-3AB5-4FFD-8699-29FF30708458}.Debug|x64.Build.0 = Debug|Any CPU
		{1EBE3A5F-3AB5-4FFD-8699-29FF30708458}.Debug|x86.ActiveCfg = Debug|Any CPU
		{1EBE3A5F-3AB5-4FFD-8699-29FF30708458}.Debug|x86.Build.0 = Debug|Any CPU
		{1EBE3A5F-3AB5-4FFD-8699-29FF30708458}.Release|Any CPU.ActiveCfg = Release|Any CPU
		{1EBE3A5F-3AB5-4FFD-8699-29FF30708458}.Release|Any CPU.Build.0 = Release|Any CPU
		{1EBE3A5F-3AB5-4FFD-8699-29FF30708458}.Release|x64.ActiveCfg = Release|Any CPU
		{1EBE3A5F-3AB5-4FFD-8699-29FF30708458}.Release|x64.Build.0 = Release|Any CPU
		{1EBE3A5F-3AB5-4FFD-8699-29FF30708458}.Release|x86.ActiveCfg = Release|Any CPU
		{1EBE3A5F-3AB5-4FFD-8699-29FF30708458}.Release|x86.Build.0 = Release|Any CPU
		{8C698A77-F2ED-4091-AC65-EA4AC1CE999E}.Debug|Any CPU.ActiveCfg = Debug|Any CPU
		{8C698A77-F2ED-4091-AC65-EA4AC1CE999E}.Debug|Any CPU.Build.0 = Debug|Any CPU
		{8C698A77-F2ED-4091-AC65-EA4AC1CE999E}.Debug|x64.ActiveCfg = Debug|Any CPU
		{8C698A77-F2ED-4091-AC65-EA4AC1CE999E}.Debug|x64.Build.0 = Debug|Any CPU
		{8C698A77-F2ED-4091-AC65-EA4AC1CE999E}.Debug|x86.ActiveCfg = Debug|Any CPU
		{8C698A77-F2ED-4091-AC65-EA4AC1CE999E}.Debug|x86.Build.0 = Debug|Any CPU
		{8C698A77-F2ED-4091-AC65-EA4AC1CE999E}.Release|Any CPU.ActiveCfg = Release|Any CPU
		{8C698A77-F2ED-4091-AC65-EA4AC1CE999E}.Release|Any CPU.Build.0 = Release|Any CPU
		{8C698A77-F2ED-4091-AC65-EA4AC1CE999E}.Release|x64.ActiveCfg = Release|Any CPU
		{8C698A77-F2ED-4091-AC65-EA4AC1CE999E}.Release|x64.Build.0 = Release|Any CPU
		{8C698A77-F2ED-4091-AC65-EA4AC1CE999E}.Release|x86.ActiveCfg = Release|Any CPU
		{8C698A77-F2ED-4091-AC65-EA4AC1CE999E}.Release|x86.Build.0 = Release|Any CPU
		{3F665D08-9578-4DF8-A149-BF9B3890C897}.Debug|Any CPU.ActiveCfg = Debug|Any CPU
		{3F665D08-9578-4DF8-A149-BF9B3890C897}.Debug|Any CPU.Build.0 = Debug|Any CPU
		{3F665D08-9578-4DF8-A149-BF9B3890C897}.Debug|x64.ActiveCfg = Debug|Any CPU
		{3F665D08-9578-4DF8-A149-BF9B3890C897}.Debug|x64.Build.0 = Debug|Any CPU
		{3F665D08-9578-4DF8-A149-BF9B3890C897}.Debug|x86.ActiveCfg = Debug|Any CPU
		{3F665D08-9578-4DF8-A149-BF9B3890C897}.Debug|x86.Build.0 = Debug|Any CPU
		{3F665D08-9578-4DF8-A149-BF9B3890C897}.Release|Any CPU.ActiveCfg = Release|Any CPU
		{3F665D08-9578-4DF8-A149-BF9B3890C897}.Release|Any CPU.Build.0 = Release|Any CPU
		{3F665D08-9578-4DF8-A149-BF9B3890C897}.Release|x64.ActiveCfg = Release|Any CPU
		{3F665D08-9578-4DF8-A149-BF9B3890C897}.Release|x64.Build.0 = Release|Any CPU
		{3F665D08-9578-4DF8-A149-BF9B3890C897}.Release|x86.ActiveCfg = Release|Any CPU
		{3F665D08-9578-4DF8-A149-BF9B3890C897}.Release|x86.Build.0 = Release|Any CPU
	EndGlobalSection
	GlobalSection(SolutionProperties) = preSolution
		HideSolutionNode = FALSE
	EndGlobalSection
	GlobalSection(NestedProjects) = preSolution
		{935C3D55-6B07-49FD-B1DB-A9BCBB4443B2} = {827E0CD3-B72D-47B6-A68D-7590B98EB39B}
		{17A9A86E-8BB3-4676-8B72-A6D6479AE464} = {827E0CD3-B72D-47B6-A68D-7590B98EB39B}
		{1EBE3A5F-3AB5-4FFD-8699-29FF30708458} = {827E0CD3-B72D-47B6-A68D-7590B98EB39B}
		{8C698A77-F2ED-4091-AC65-EA4AC1CE999E} = {827E0CD3-B72D-47B6-A68D-7590B98EB39B}
		{3F665D08-9578-4DF8-A149-BF9B3890C897} = {827E0CD3-B72D-47B6-A68D-7590B98EB39B}
	EndGlobalSection
EndGlobal
